
Microsoft Visual Studio Solution File, Format Version 12.00
# Visual Studio Version 17
VisualStudioVersion = 17.0.31919.166
MinimumVisualStudioVersion = 10.0.40219.1
Project("{FAE04EC0-301F-11D3-BF4B-00C04F79EFBC}") = "kutuphaneotomasyonu", "kutuphaneotomasyonu\kutuphaneotomasyonu.csproj", "{0B66EAFC-B05E-4B8F-AC31-B7CD782A627A}"
EndProject
Project("{FAE04EC0-301F-11D3-BF4B-00C04F79EFBC}") = "KP.ORM", "KP.ORM\KP.ORM.csproj", "{D07F33DA-9123-4CC6-B05E-C0626E7DEB86}"
EndProject
Global
	GlobalSection(SolutionConfigurationPlatforms) = preSolution
		Debug|Any CPU = Debug|Any CPU
		Release|Any CPU = Release|Any CPU
	EndGlobalSection
	GlobalSection(ProjectConfigurationPlatforms) = postSolution
		{0B66EAFC-B05E-4B8F-AC31-B7CD782A627A}.Debug|Any CPU.ActiveCfg = Debug|Any CPU
		{0B66EAFC-B05E-4B8F-AC31-B7CD782A627A}.Debug|Any CPU.Build.0 = Debug|Any CPU
		{0B66EAFC-B05E-4B8F-AC31-B7CD782A627A}.Release|Any CPU.ActiveCfg = Release|Any CPU
		{0B66EAFC-B05E-4B8F-AC31-B7CD782A627A}.Release|Any CPU.Build.0 = Release|Any CPU
		{D07F33DA-9123-4CC6-B05E-C0626E7DEB86}.Debug|Any CPU.ActiveCfg = Debug|Any CPU
		{D07F33DA-9123-4CC6-B05E-C0626E7DEB86}.Debug|Any CPU.Build.0 = Debug|Any CPU
		{D07F33DA-9123-4CC6-B05E-C0626E7DEB86}.Release|Any CPU.ActiveCfg = Release|Any CPU
		{D07F33DA-9123-4CC6-B05E-C0626E7DEB86}.Release|Any CPU.Build.0 = Release|Any CPU
	EndGlobalSection
	GlobalSection(SolutionProperties) = preSolution
		HideSolutionNode = FALSE
	EndGlobalSection
	GlobalSection(ExtensibilityGlobals) = postSolution
		SolutionGuid = {6C258EEA-619D-454A-AFE8-5F69B885DE79}
	EndGlobalSection
EndGlobal
